
Microsoft Visual Studio Solution File, Format Version 12.00
# Visual Studio Version 17
VisualStudioVersion = 17.13.35931.197 d17.13
MinimumVisualStudioVersion = 10.0.40219.1
Project("{FAE04EC0-301F-11D3-BF4B-00C04F79EFBC}") = "KSDownloadMVC", "KSDownloadMVC\KSDownloadMVC.csproj", "{4D084CCA-D913-4F61-86BA-2F576F5117EA}"
EndProject
Global
	GlobalSection(SolutionConfigurationPlatforms) = preSolution
		Debug|Any CPU = Debug|Any CPU
		Release|Any CPU = Release|Any CPU
	EndGlobalSection
	GlobalSection(ProjectConfigurationPlatforms) = postSolution
		{4D084CCA-D913-4F61-86BA-2F576F5117EA}.Debug|Any CPU.ActiveCfg = Debug|Any CPU
		{4D084CCA-D913-4F61-86BA-2F576F5117EA}.Debug|Any CPU.Build.0 = Debug|Any CPU
		{4D084CCA-D913-4F61-86BA-2F576F5117EA}.Release|Any CPU.ActiveCfg = Release|Any CPU
		{4D084CCA-D913-4F61-86BA-2F576F5117EA}.Release|Any CPU.Build.0 = Release|Any CPU
	EndGlobalSection
	GlobalSection(SolutionProperties) = preSolution
		HideSolutionNode = FALSE
	EndGlobalSection
	GlobalSection(ExtensibilityGlobals) = postSolution
		SolutionGuid = {4D3D1033-A5C5-4BC4-A52D-285404460A9B}
	EndGlobalSection
EndGlobal
